// !$*UTF8*$!
{
	archiveVersion = 1;
	classes = {
	};
	objectVersion = 46;
	objects = {

/* Begin PBXBuildFile section */
		407C4ECF1AA1A26D00DA8400 /* AppDelegate.swift in Sources */ = {isa = PBXBuildFile; fileRef = 407C4ECE1AA1A26D00DA8400 /* AppDelegate.swift */; };
		407C4ED41AA1A26D00DA8400 /* Main.storyboard in Resources */ = {isa = PBXBuildFile; fileRef = 407C4ED21AA1A26D00DA8400 /* Main.storyboard */; };
		407C4ED61AA1A26D00DA8400 /* Images.xcassets in Resources */ = {isa = PBXBuildFile; fileRef = 407C4ED51AA1A26D00DA8400 /* Images.xcassets */; };
		407C4ED91AA1A26D00DA8400 /* LaunchScreen.xib in Resources */ = {isa = PBXBuildFile; fileRef = 407C4ED71AA1A26D00DA8400 /* LaunchScreen.xib */; };
		407C4EE51AA1A26D00DA8400 /* WeatherTests.swift in Sources */ = {isa = PBXBuildFile; fileRef = 407C4EE41AA1A26D00DA8400 /* WeatherTests.swift */; };
		407C4EEF1AA1A34500DA8400 /* ForecastViewController.swift in Sources */ = {isa = PBXBuildFile; fileRef = 407C4EEE1AA1A34500DA8400 /* ForecastViewController.swift */; };
		407C4EF11AA1A3E400DA8400 /* WeatherDataManager.swift in Sources */ = {isa = PBXBuildFile; fileRef = 407C4EF01AA1A3E400DA8400 /* WeatherDataManager.swift */; };
		407C4EF31AA1BE1500DA8400 /* WeatherDataRequest.swift in Sources */ = {isa = PBXBuildFile; fileRef = 407C4EF21AA1BE1500DA8400 /* WeatherDataRequest.swift */; };
		407C4EF51AA1C84D00DA8400 /* WeatherDataParser.swift in Sources */ = {isa = PBXBuildFile; fileRef = 407C4EF41AA1C84D00DA8400 /* WeatherDataParser.swift */; };
		407C4EF71AA1CB5800DA8400 /* DayViewController.swift in Sources */ = {isa = PBXBuildFile; fileRef = 407C4EF61AA1CB5800DA8400 /* DayViewController.swift */; };
		407C4EF91AA2CAF000DA8400 /* Weather.swift in Sources */ = {isa = PBXBuildFile; fileRef = 407C4EF81AA2CAF000DA8400 /* Weather.swift */; };
		407C4EFB1AA2CDF400DA8400 /* sampleData in Resources */ = {isa = PBXBuildFile; fileRef = 407C4EFA1AA2CDF400DA8400 /* sampleData */; };
		407C4EFD1AA2E30300DA8400 /* City.swift in Sources */ = {isa = PBXBuildFile; fileRef = 407C4EFC1AA2E30300DA8400 /* City.swift */; };
		407C4EFF1AA2F61200DA8400 /* ForecastViewCell.swift in Sources */ = {isa = PBXBuildFile; fileRef = 407C4EFE1AA2F61200DA8400 /* ForecastViewCell.swift */; };
		407C4F051AA3200E00DA8400 /* AboutViewController.swift in Sources */ = {isa = PBXBuildFile; fileRef = 407C4F041AA3200E00DA8400 /* AboutViewController.swift */; };
		408EB02E1AA43250002BA408 /* SystemConfiguration.framework in Frameworks */ = {isa = PBXBuildFile; fileRef = 408EB02D1AA43250002BA408 /* SystemConfiguration.framework */; };
/* End PBXBuildFile section */

/* Begin PBXContainerItemProxy section */
		407C4EDF1AA1A26D00DA8400 /* PBXContainerItemProxy */ = {
			isa = PBXContainerItemProxy;
			containerPortal = 407C4EC11AA1A26D00DA8400 /* Project object */;
			proxyType = 1;
			remoteGlobalIDString = 407C4EC81AA1A26D00DA8400;
			remoteInfo = Weather;
		};
/* End PBXContainerItemProxy section */

/* Begin PBXFileReference section */
		407C4EC91AA1A26D00DA8400 /* Weather.app */ = {isa = PBXFileReference; explicitFileType = wrapper.application; includeInIndex = 0; path = Weather.app; sourceTree = BUILT_PRODUCTS_DIR; };
		407C4ECD1AA1A26D00DA8400 /* Info.plist */ = {isa = PBXFileReference; lastKnownFileType = text.plist.xml; path = Info.plist; sourceTree = "<group>"; };
		407C4ECE1AA1A26D00DA8400 /* AppDelegate.swift */ = {isa = PBXFileReference; lastKnownFileType = sourcecode.swift; path = AppDelegate.swift; sourceTree = "<group>"; };
		407C4ED31AA1A26D00DA8400 /* Base */ = {isa = PBXFileReference; lastKnownFileType = file.storyboard; name = Base; path = Base.lproj/Main.storyboard; sourceTree = "<group>"; };
		407C4ED51AA1A26D00DA8400 /* Images.xcassets */ = {isa = PBXFileReference; lastKnownFileType = folder.assetcatalog; path = Images.xcassets; sourceTree = "<group>"; };
		407C4ED81AA1A26D00DA8400 /* Base */ = {isa = PBXFileReference; lastKnownFileType = file.xib; name = Base; path = Base.lproj/LaunchScreen.xib; sourceTree = "<group>"; };
		407C4EDE1AA1A26D00DA8400 /* WeatherTests.xctest */ = {isa = PBXFileReference; explicitFileType = wrapper.cfbundle; includeInIndex = 0; path = WeatherTests.xctest; sourceTree = BUILT_PRODUCTS_DIR; };
		407C4EE31AA1A26D00DA8400 /* Info.plist */ = {isa = PBXFileReference; lastKnownFileType = text.plist.xml; path = Info.plist; sourceTree = "<group>"; };
		407C4EE41AA1A26D00DA8400 /* WeatherTests.swift */ = {isa = PBXFileReference; lastKnownFileType = sourcecode.swift; path = WeatherTests.swift; sourceTree = "<group>"; };
		407C4EEE1AA1A34500DA8400 /* ForecastViewController.swift */ = {isa = PBXFileReference; fileEncoding = 4; lastKnownFileType = sourcecode.swift; path = ForecastViewController.swift; sourceTree = "<group>"; };
		407C4EF01AA1A3E400DA8400 /* WeatherDataManager.swift */ = {isa = PBXFileReference; fileEncoding = 4; lastKnownFileType = sourcecode.swift; path = WeatherDataManager.swift; sourceTree = "<group>"; };
		407C4EF21AA1BE1500DA8400 /* WeatherDataRequest.swift */ = {isa = PBXFileReference; fileEncoding = 4; lastKnownFileType = sourcecode.swift; path = WeatherDataRequest.swift; sourceTree = "<group>"; };
		407C4EF41AA1C84D00DA8400 /* WeatherDataParser.swift */ = {isa = PBXFileReference; fileEncoding = 4; lastKnownFileType = sourcecode.swift; path = WeatherDataParser.swift; sourceTree = "<group>"; };
		407C4EF61AA1CB5800DA8400 /* DayViewController.swift */ = {isa = PBXFileReference; fileEncoding = 4; lastKnownFileType = sourcecode.swift; path = DayViewController.swift; sourceTree = "<group>"; };
		407C4EF81AA2CAF000DA8400 /* Weather.swift */ = {isa = PBXFileReference; fileEncoding = 4; lastKnownFileType = sourcecode.swift; path = Weather.swift; sourceTree = "<group>"; };
		407C4EFA1AA2CDF400DA8400 /* sampleData */ = {isa = PBXFileReference; fileEncoding = 4; lastKnownFileType = text; path = sampleData; sourceTree = "<group>"; };
		407C4EFC1AA2E30300DA8400 /* City.swift */ = {isa = PBXFileReference; fileEncoding = 4; lastKnownFileType = sourcecode.swift; path = City.swift; sourceTree = "<group>"; };
		407C4EFE1AA2F61200DA8400 /* ForecastViewCell.swift */ = {isa = PBXFileReference; fileEncoding = 4; lastKnownFileType = sourcecode.swift; path = ForecastViewCell.swift; sourceTree = "<group>"; };
		407C4F041AA3200E00DA8400 /* AboutViewController.swift */ = {isa = PBXFileReference; fileEncoding = 4; lastKnownFileType = sourcecode.swift; path = AboutViewController.swift; sourceTree = "<group>"; };
		408EB02D1AA43250002BA408 /* SystemConfiguration.framework */ = {isa = PBXFileReference; lastKnownFileType = wrapper.framework; name = SystemConfiguration.framework; path = System/Library/Frameworks/SystemConfiguration.framework; sourceTree = SDKROOT; };
/* End PBXFileReference section */

/* Begin PBXFrameworksBuildPhase section */
		407C4EC61AA1A26D00DA8400 /* Frameworks */ = {
			isa = PBXFrameworksBuildPhase;
			buildActionMask = 2147483647;
			files = (
				408EB02E1AA43250002BA408 /* SystemConfiguration.framework in Frameworks */,
			);
			runOnlyForDeploymentPostprocessing = 0;
		};
		407C4EDB1AA1A26D00DA8400 /* Frameworks */ = {
			isa = PBXFrameworksBuildPhase;
			buildActionMask = 2147483647;
			files = (
			);
			runOnlyForDeploymentPostprocessing = 0;
		};
/* End PBXFrameworksBuildPhase section */

/* Begin PBXGroup section */
		407C4EC01AA1A26D00DA8400 = {
			isa = PBXGroup;
			children = (
				408EB02D1AA43250002BA408 /* SystemConfiguration.framework */,
				407C4ECB1AA1A26D00DA8400 /* Weather */,
				407C4EE11AA1A26D00DA8400 /* WeatherTests */,
				407C4ECA1AA1A26D00DA8400 /* Products */,
			);
			sourceTree = "<group>";
		};
		407C4ECA1AA1A26D00DA8400 /* Products */ = {
			isa = PBXGroup;
			children = (
				407C4EC91AA1A26D00DA8400 /* Weather.app */,
				407C4EDE1AA1A26D00DA8400 /* WeatherTests.xctest */,
			);
			name = Products;
			sourceTree = "<group>";
		};
		407C4ECB1AA1A26D00DA8400 /* Weather */ = {
			isa = PBXGroup;
			children = (
				407C4ECE1AA1A26D00DA8400 /* AppDelegate.swift */,
				407C4F011AA3068F00DA8400 /* Controllers */,
				407C4F001AA3068000DA8400 /* View */,
				407C4F021AA306AF00DA8400 /* Model */,
				407C4F031AA306BB00DA8400 /* ServiceLayer */,
				407C4EFA1AA2CDF400DA8400 /* sampleData */,
				407C4ED21AA1A26D00DA8400 /* Main.storyboard */,
				407C4ED51AA1A26D00DA8400 /* Images.xcassets */,
				407C4ED71AA1A26D00DA8400 /* LaunchScreen.xib */,
				407C4ECC1AA1A26D00DA8400 /* Supporting Files */,
			);
			path = Weather;
			sourceTree = "<group>";
		};
		407C4ECC1AA1A26D00DA8400 /* Supporting Files */ = {
			isa = PBXGroup;
			children = (
				407C4ECD1AA1A26D00DA8400 /* Info.plist */,
			);
			name = "Supporting Files";
			sourceTree = "<group>";
		};
		407C4EE11AA1A26D00DA8400 /* WeatherTests */ = {
			isa = PBXGroup;
			children = (
				407C4EE41AA1A26D00DA8400 /* WeatherTests.swift */,
				407C4EE21AA1A26D00DA8400 /* Supporting Files */,
			);
			path = WeatherTests;
			sourceTree = "<group>";
		};
		407C4EE21AA1A26D00DA8400 /* Supporting Files */ = {
			isa = PBXGroup;
			children = (
				407C4EE31AA1A26D00DA8400 /* Info.plist */,
			);
			name = "Supporting Files";
			sourceTree = "<group>";
		};
		407C4F001AA3068000DA8400 /* View */ = {
			isa = PBXGroup;
			children = (
				407C4EFE1AA2F61200DA8400 /* ForecastViewCell.swift */,
			);
			name = View;
			sourceTree = "<group>";
		};
		407C4F011AA3068F00DA8400 /* Controllers */ = {
			isa = PBXGroup;
			children = (
				407C4EEE1AA1A34500DA8400 /* ForecastViewController.swift */,
				407C4EF61AA1CB5800DA8400 /* DayViewController.swift */,
				407C4F041AA3200E00DA8400 /* AboutViewController.swift */,
			);
			name = Controllers;
			sourceTree = "<group>";
		};
		407C4F021AA306AF00DA8400 /* Model */ = {
			isa = PBXGroup;
			children = (
				407C4EF81AA2CAF000DA8400 /* Weather.swift */,
				407C4EFC1AA2E30300DA8400 /* City.swift */,
			);
			name = Model;
			sourceTree = "<group>";
		};
		407C4F031AA306BB00DA8400 /* ServiceLayer */ = {
			isa = PBXGroup;
			children = (
				407C4EF01AA1A3E400DA8400 /* WeatherDataManager.swift */,
				407C4EF21AA1BE1500DA8400 /* WeatherDataRequest.swift */,
				407C4EF41AA1C84D00DA8400 /* WeatherDataParser.swift */,
			);
			name = ServiceLayer;
			sourceTree = "<group>";
		};
/* End PBXGroup section */

/* Begin PBXNativeTarget section */
		407C4EC81AA1A26D00DA8400 /* Weather */ = {
			isa = PBXNativeTarget;
			buildConfigurationList = 407C4EE81AA1A26D00DA8400 /* Build configuration list for PBXNativeTarget "Weather" */;
			buildPhases = (
				407C4EC51AA1A26D00DA8400 /* Sources */,
				407C4EC61AA1A26D00DA8400 /* Frameworks */,
				407C4EC71AA1A26D00DA8400 /* Resources */,
			);
			buildRules = (
			);
			dependencies = (
			);
			name = Weather;
			productName = Weather;
			productReference = 407C4EC91AA1A26D00DA8400 /* Weather.app */;
			productType = "com.apple.product-type.application";
		};
		407C4EDD1AA1A26D00DA8400 /* WeatherTests */ = {
			isa = PBXNativeTarget;
			buildConfigurationList = 407C4EEB1AA1A26D00DA8400 /* Build configuration list for PBXNativeTarget "WeatherTests" */;
			buildPhases = (
				407C4EDA1AA1A26D00DA8400 /* Sources */,
				407C4EDB1AA1A26D00DA8400 /* Frameworks */,
				407C4EDC1AA1A26D00DA8400 /* Resources */,
			);
			buildRules = (
			);
			dependencies = (
				407C4EE01AA1A26D00DA8400 /* PBXTargetDependency */,
			);
			name = WeatherTests;
			productName = WeatherTests;
			productReference = 407C4EDE1AA1A26D00DA8400 /* WeatherTests.xctest */;
			productType = "com.apple.product-type.bundle.unit-test";
		};
/* End PBXNativeTarget section */

/* Begin PBXProject section */
		407C4EC11AA1A26D00DA8400 /* Project object */ = {
			isa = PBXProject;
			attributes = {
				LastUpgradeCheck = 0610;
				ORGANIZATIONNAME = itsdamslife;
				TargetAttributes = {
					407C4EC81AA1A26D00DA8400 = {
						CreatedOnToolsVersion = 6.1.1;
					};
					407C4EDD1AA1A26D00DA8400 = {
						CreatedOnToolsVersion = 6.1.1;
						TestTargetID = 407C4EC81AA1A26D00DA8400;
					};
				};
			};
			buildConfigurationList = 407C4EC41AA1A26D00DA8400 /* Build configuration list for PBXProject "Weather" */;
			compatibilityVersion = "Xcode 3.2";
			developmentRegion = English;
			hasScannedForEncodings = 0;
			knownRegions = (
				en,
				Base,
			);
			mainGroup = 407C4EC01AA1A26D00DA8400;
			productRefGroup = 407C4ECA1AA1A26D00DA8400 /* Products */;
			projectDirPath = "";
			projectRoot = "";
			targets = (
				407C4EC81AA1A26D00DA8400 /* Weather */,
				407C4EDD1AA1A26D00DA8400 /* WeatherTests */,
			);
		};
/* End PBXProject section */

/* Begin PBXResourcesBuildPhase section */
		407C4EC71AA1A26D00DA8400 /* Resources */ = {
			isa = PBXResourcesBuildPhase;
			buildActionMask = 2147483647;
			files = (
				407C4ED41AA1A26D00DA8400 /* Main.storyboard in Resources */,
				407C4ED91AA1A26D00DA8400 /* LaunchScreen.xib in Resources */,
				407C4EFB1AA2CDF400DA8400 /* sampleData in Resources */,
				407C4ED61AA1A26D00DA8400 /* Images.xcassets in Resources */,
			);
			runOnlyForDeploymentPostprocessing = 0;
		};
		407C4EDC1AA1A26D00DA8400 /* Resources */ = {
			isa = PBXResourcesBuildPhase;
			buildActionMask = 2147483647;
			files = (
			);
			runOnlyForDeploymentPostprocessing = 0;
		};
/* End PBXResourcesBuildPhase section */

/* Begin PBXSourcesBuildPhase section */
		407C4EC51AA1A26D00DA8400 /* Sources */ = {
			isa = PBXSourcesBuildPhase;
			buildActionMask = 2147483647;
			files = (
				407C4EFF1AA2F61200DA8400 /* ForecastViewCell.swift in Sources */,
				407C4ECF1AA1A26D00DA8400 /* AppDelegate.swift in Sources */,
				407C4EF11AA1A3E400DA8400 /* WeatherDataManager.swift in Sources */,
				407C4EF31AA1BE1500DA8400 /* WeatherDataRequest.swift in Sources */,
				407C4EEF1AA1A34500DA8400 /* ForecastViewController.swift in Sources */,
				407C4EF51AA1C84D00DA8400 /* WeatherDataParser.swift in Sources */,
				407C4EF71AA1CB5800DA8400 /* DayViewController.swift in Sources */,
				407C4EFD1AA2E30300DA8400 /* City.swift in Sources */,
				407C4F051AA3200E00DA8400 /* AboutViewController.swift in Sources */,
				407C4EF91AA2CAF000DA8400 /* Weather.swift in Sources */,
			);
			runOnlyForDeploymentPostprocessing = 0;
		};
		407C4EDA1AA1A26D00DA8400 /* Sources */ = {
			isa = PBXSourcesBuildPhase;
			buildActionMask = 2147483647;
			files = (
				407C4EE51AA1A26D00DA8400 /* WeatherTests.swift in Sources */,
			);
			runOnlyForDeploymentPostprocessing = 0;
		};
/* End PBXSourcesBuildPhase section */

/* Begin PBXTargetDependency section */
		407C4EE01AA1A26D00DA8400 /* PBXTargetDependency */ = {
			isa = PBXTargetDependency;
			target = 407C4EC81AA1A26D00DA8400 /* Weather */;
			targetProxy = 407C4EDF1AA1A26D00DA8400 /* PBXContainerItemProxy */;
		};
/* End PBXTargetDependency section */

/* Begin PBXVariantGroup section */
		407C4ED21AA1A26D00DA8400 /* Main.storyboard */ = {
			isa = PBXVariantGroup;
			children = (
				407C4ED31AA1A26D00DA8400 /* Base */,
			);
			name = Main.storyboard;
			sourceTree = "<group>";
		};
		407C4ED71AA1A26D00DA8400 /* LaunchScreen.xib */ = {
			isa = PBXVariantGroup;
			children = (
				407C4ED81AA1A26D00DA8400 /* Base */,
			);
			name = LaunchScreen.xib;
			sourceTree = "<group>";
		};
/* End PBXVariantGroup section */

/* Begin XCBuildConfiguration section */
		407C4EE61AA1A26D00DA8400 /* Debug */ = {
			isa = XCBuildConfiguration;
			buildSettings = {
				ALWAYS_SEARCH_USER_PATHS = NO;
				CLANG_CXX_LANGUAGE_STANDARD = "gnu++0x";
				CLANG_CXX_LIBRARY = "libc++";
				CLANG_ENABLE_MODULES = YES;
				CLANG_ENABLE_OBJC_ARC = YES;
				CLANG_WARN_BOOL_CONVERSION = YES;
				CLANG_WARN_CONSTANT_CONVERSION = YES;
				CLANG_WARN_DIRECT_OBJC_ISA_USAGE = YES_ERROR;
				CLANG_WARN_EMPTY_BODY = YES;
				CLANG_WARN_ENUM_CONVERSION = YES;
				CLANG_WARN_INT_CONVERSION = YES;
				CLANG_WARN_OBJC_ROOT_CLASS = YES_ERROR;
				CLANG_WARN_UNREACHABLE_CODE = YES;
				CLANG_WARN__DUPLICATE_METHOD_MATCH = YES;
				"CODE_SIGN_IDENTITY[sdk=iphoneos*]" = "iPhone Developer";
				COPY_PHASE_STRIP = NO;
				ENABLE_STRICT_OBJC_MSGSEND = YES;
				GCC_C_LANGUAGE_STANDARD = gnu99;
				GCC_DYNAMIC_NO_PIC = NO;
				GCC_OPTIMIZATION_LEVEL = 0;
				GCC_PREPROCESSOR_DEFINITIONS = (
					"DEBUG=1",
					"$(inherited)",
				);
				GCC_SYMBOLS_PRIVATE_EXTERN = NO;
				GCC_WARN_64_TO_32_BIT_CONVERSION = YES;
				GCC_WARN_ABOUT_RETURN_TYPE = YES_ERROR;
				GCC_WARN_UNDECLARED_SELECTOR = YES;
				GCC_WARN_UNINITIALIZED_AUTOS = YES_AGGRESSIVE;
				GCC_WARN_UNUSED_FUNCTION = YES;
				GCC_WARN_UNUSED_VARIABLE = YES;
				IPHONEOS_DEPLOYMENT_TARGET = 8.1;
				MTL_ENABLE_DEBUG_INFO = YES;
				ONLY_ACTIVE_ARCH = YES;
				SDKROOT = iphoneos;
				SWIFT_OPTIMIZATION_LEVEL = "-Onone";
			};
			name = Debug;
		};
		407C4EE71AA1A26D00DA8400 /* Release */ = {
			isa = XCBuildConfiguration;
			buildSettings = {
				ALWAYS_SEARCH_USER_PATHS = NO;
				CLANG_CXX_LANGUAGE_STANDARD = "gnu++0x";
				CLANG_CXX_LIBRARY = "libc++";
				CLANG_ENABLE_MODULES = YES;
				CLANG_ENABLE_OBJC_ARC = YES;
				CLANG_WARN_BOOL_CONVERSION = YES;
				CLANG_WARN_CONSTANT_CONVERSION = YES;
				CLANG_WARN_DIRECT_OBJC_ISA_USAGE = YES_ERROR;
				CLANG_WARN_EMPTY_BODY = YES;
				CLANG_WARN_ENUM_CONVERSION = YES;
				CLANG_WARN_INT_CONVERSION = YES;
				CLANG_WARN_OBJC_ROOT_CLASS = YES_ERROR;
				CLANG_WARN_UNREACHABLE_CODE = YES;
				CLANG_WARN__DUPLICATE_METHOD_MATCH = YES;
				"CODE_SIGN_IDENTITY[sdk=iphoneos*]" = "iPhone Developer";
				COPY_PHASE_STRIP = YES;
				ENABLE_NS_ASSERTIONS = NO;
				ENABLE_STRICT_OBJC_MSGSEND = YES;
				GCC_C_LANGUAGE_STANDARD = gnu99;
				GCC_WARN_64_TO_32_BIT_CONVERSION = YES;
				GCC_WARN_ABOUT_RETURN_TYPE = YES_ERROR;
				GCC_WARN_UNDECLARED_SELECTOR = YES;
				GCC_WARN_UNINITIALIZED_AUTOS = YES_AGGRESSIVE;
				GCC_WARN_UNUSED_FUNCTION = YES;
				GCC_WARN_UNUSED_VARIABLE = YES;
				IPHONEOS_DEPLOYMENT_TARGET = 8.1;
				MTL_ENABLE_DEBUG_INFO = NO;
				SDKROOT = iphoneos;
				VALIDATE_PRODUCT = YES;
			};
			name = Release;
		};
		407C4EE91AA1A26D00DA8400 /* Debug */ = {
			isa = XCBuildConfiguration;
			buildSettings = {
				ASSETCATALOG_COMPILER_APPICON_NAME = AppIcon;
				INFOPLIST_FILE = Weather/Info.plist;
				LD_RUNPATH_SEARCH_PATHS = "$(inherited) @executable_path/Frameworks";
				PRODUCT_NAME = "$(TARGET_NAME)";
				SWIFT_INSTALL_OBJC_HEADER = YES;
				SWIFT_OBJC_BRIDGING_HEADER = "";
			};
			name = Debug;
		};
		407C4EEA1AA1A26D00DA8400 /* Release */ = {
			isa = XCBuildConfiguration;
			buildSettings = {
				ASSETCATALOG_COMPILER_APPICON_NAME = AppIcon;
				INFOPLIST_FILE = Weather/Info.plist;
				LD_RUNPATH_SEARCH_PATHS = "$(inherited) @executable_path/Frameworks";
				PRODUCT_NAME = "$(TARGET_NAME)";
				SWIFT_INSTALL_OBJC_HEADER = YES;
				SWIFT_OBJC_BRIDGING_HEADER = "";
			};
			name = Release;
		};
		407C4EEC1AA1A26D00DA8400 /* Debug */ = {
			isa = XCBuildConfiguration;
			buildSettings = {
				BUNDLE_LOADER = "$(TEST_HOST)";
				FRAMEWORK_SEARCH_PATHS = (
					"$(SDKROOT)/Developer/Library/Frameworks",
					"$(inherited)",
				);
				GCC_PREPROCESSOR_DEFINITIONS = (
					"DEBUG=1",
					"$(inherited)",
				);
				INFOPLIST_FILE = WeatherTests/Info.plist;
				LD_RUNPATH_SEARCH_PATHS = "$(inherited) @executable_path/Frameworks @loader_path/Frameworks";
				PRODUCT_NAME = "$(TARGET_NAME)";
				TEST_HOST = "$(BUILT_PRODUCTS_DIR)/Weather.app/Weather";
			};
			name = Debug;
		};
		407C4EED1AA1A26D00DA8400 /* Release */ = {
			isa = XCBuildConfiguration;
			buildSettings = {
				BUNDLE_LOADER = "$(TEST_HOST)";
				FRAMEWORK_SEARCH_PATHS = (
					"$(SDKROOT)/Developer/Library/Frameworks",
					"$(inherited)",
				);
				INFOPLIST_FILE = WeatherTests/Info.plist;
				LD_RUNPATH_SEARCH_PATHS = "$(inherited) @executable_path/Frameworks @loader_path/Frameworks";
				PRODUCT_NAME = "$(TARGET_NAME)";
				TEST_HOST = "$(BUILT_PRODUCTS_DIR)/Weather.app/Weather";
			};
			name = Release;
		};
/* End XCBuildConfiguration section */

/* Begin XCConfigurationList section */
		407C4EC41AA1A26D00DA8400 /* Build configuration list for PBXProject "Weather" */ = {
			isa = XCConfigurationList;
			buildConfigurations = (
				407C4EE61AA1A26D00DA8400 /* Debug */,
				407C4EE71AA1A26D00DA8400 /* Release */,
			);
			defaultConfigurationIsVisible = 0;
			defaultConfigurationName = Release;
		};
		407C4EE81AA1A26D00DA8400 /* Build configuration list for PBXNativeTarget "Weather" */ = {
			isa = XCConfigurationList;
			buildConfigurations = (
				407C4EE91AA1A26D00DA8400 /* Debug */,
				407C4EEA1AA1A26D00DA8400 /* Release */,
			);
			defaultConfigurationIsVisible = 0;
			defaultConfigurationName = Release;
		};
		407C4EEB1AA1A26D00DA8400 /* Build configuration list for PBXNativeTarget "WeatherTests" */ = {
			isa = XCConfigurationList;
			buildConfigurations = (
				407C4EEC1AA1A26D00DA8400 /* Debug */,
				407C4EED1AA1A26D00DA8400 /* Release */,
			);
			defaultConfigurationIsVisible = 0;
			defaultConfigurationName = Release;
		};
/* End XCConfigurationList section */
	};
	rootObject = 407C4EC11AA1A26D00DA8400 /* Project object */;
}
