// !$*UTF8*$!
{
	archiveVersion = 1;
	classes = {
	};
	objectVersion = 46;
	objects = {

/* Begin PBXBuildFile section */
		40B216E21A136E6B00C27CDA /* AppDelegate.swift in Sources */ = {isa = PBXBuildFile; fileRef = 40B216E11A136E6B00C27CDA /* AppDelegate.swift */; };
		40B216E51A136E6B00C27CDA /* Sunshine.xcdatamodeld in Sources */ = {isa = PBXBuildFile; fileRef = 40B216E31A136E6B00C27CDA /* Sunshine.xcdatamodeld */; };
		40B216E71A136E6B00C27CDA /* ViewController.swift in Sources */ = {isa = PBXBuildFile; fileRef = 40B216E61A136E6B00C27CDA /* ViewController.swift */; };
		40B216EA1A136E6B00C27CDA /* Main.storyboard in Resources */ = {isa = PBXBuildFile; fileRef = 40B216E81A136E6B00C27CDA /* Main.storyboard */; };
		40B216EC1A136E6B00C27CDA /* Images.xcassets in Resources */ = {isa = PBXBuildFile; fileRef = 40B216EB1A136E6B00C27CDA /* Images.xcassets */; };
		40B216EF1A136E6B00C27CDA /* LaunchScreen.xib in Resources */ = {isa = PBXBuildFile; fileRef = 40B216ED1A136E6B00C27CDA /* LaunchScreen.xib */; };
		40B216FB1A136E6B00C27CDA /* SunshineTests.swift in Sources */ = {isa = PBXBuildFile; fileRef = 40B216FA1A136E6B00C27CDA /* SunshineTests.swift */; };
/* End PBXBuildFile section */

/* Begin PBXContainerItemProxy section */
		40B216F51A136E6B00C27CDA /* PBXContainerItemProxy */ = {
			isa = PBXContainerItemProxy;
			containerPortal = 40B216D41A136E6B00C27CDA /* Project object */;
			proxyType = 1;
			remoteGlobalIDString = 40B216DB1A136E6B00C27CDA;
			remoteInfo = Sunshine;
		};
/* End PBXContainerItemProxy section */

/* Begin PBXFileReference section */
		40B216DC1A136E6B00C27CDA /* Sunshine.app */ = {isa = PBXFileReference; explicitFileType = wrapper.application; includeInIndex = 0; path = Sunshine.app; sourceTree = BUILT_PRODUCTS_DIR; };
		40B216E01A136E6B00C27CDA /* Info.plist */ = {isa = PBXFileReference; lastKnownFileType = text.plist.xml; path = Info.plist; sourceTree = "<group>"; };
		40B216E11A136E6B00C27CDA /* AppDelegate.swift */ = {isa = PBXFileReference; lastKnownFileType = sourcecode.swift; path = AppDelegate.swift; sourceTree = "<group>"; };
		40B216E41A136E6B00C27CDA /* Sunshine.xcdatamodel */ = {isa = PBXFileReference; lastKnownFileType = wrapper.xcdatamodel; path = Sunshine.xcdatamodel; sourceTree = "<group>"; };
		40B216E61A136E6B00C27CDA /* ViewController.swift */ = {isa = PBXFileReference; lastKnownFileType = sourcecode.swift; path = ViewController.swift; sourceTree = "<group>"; };
		40B216E91A136E6B00C27CDA /* Base */ = {isa = PBXFileReference; lastKnownFileType = file.storyboard; name = Base; path = Base.lproj/Main.storyboard; sourceTree = "<group>"; };
		40B216EB1A136E6B00C27CDA /* Images.xcassets */ = {isa = PBXFileReference; lastKnownFileType = folder.assetcatalog; path = Images.xcassets; sourceTree = "<group>"; };
		40B216EE1A136E6B00C27CDA /* Base */ = {isa = PBXFileReference; lastKnownFileType = file.xib; name = Base; path = Base.lproj/LaunchScreen.xib; sourceTree = "<group>"; };
		40B216F41A136E6B00C27CDA /* SunshineTests.xctest */ = {isa = PBXFileReference; explicitFileType = wrapper.cfbundle; includeInIndex = 0; path = SunshineTests.xctest; sourceTree = BUILT_PRODUCTS_DIR; };
		40B216F91A136E6B00C27CDA /* Info.plist */ = {isa = PBXFileReference; lastKnownFileType = text.plist.xml; path = Info.plist; sourceTree = "<group>"; };
		40B216FA1A136E6B00C27CDA /* SunshineTests.swift */ = {isa = PBXFileReference; lastKnownFileType = sourcecode.swift; path = SunshineTests.swift; sourceTree = "<group>"; };
/* End PBXFileReference section */

/* Begin PBXFrameworksBuildPhase section */
		40B216D91A136E6B00C27CDA /* Frameworks */ = {
			isa = PBXFrameworksBuildPhase;
			buildActionMask = 2147483647;
			files = (
			);
			runOnlyForDeploymentPostprocessing = 0;
		};
		40B216F11A136E6B00C27CDA /* Frameworks */ = {
			isa = PBXFrameworksBuildPhase;
			buildActionMask = 2147483647;
			files = (
			);
			runOnlyForDeploymentPostprocessing = 0;
		};
/* End PBXFrameworksBuildPhase section */

/* Begin PBXGroup section */
		40B216D31A136E6B00C27CDA = {
			isa = PBXGroup;
			children = (
				40B216DE1A136E6B00C27CDA /* Sunshine */,
				40B216F71A136E6B00C27CDA /* SunshineTests */,
				40B216DD1A136E6B00C27CDA /* Products */,
			);
			sourceTree = "<group>";
		};
		40B216DD1A136E6B00C27CDA /* Products */ = {
			isa = PBXGroup;
			children = (
				40B216DC1A136E6B00C27CDA /* Sunshine.app */,
				40B216F41A136E6B00C27CDA /* SunshineTests.xctest */,
			);
			name = Products;
			sourceTree = "<group>";
		};
		40B216DE1A136E6B00C27CDA /* Sunshine */ = {
			isa = PBXGroup;
			children = (
				40B216E11A136E6B00C27CDA /* AppDelegate.swift */,
				40B216E61A136E6B00C27CDA /* ViewController.swift */,
				40B216E81A136E6B00C27CDA /* Main.storyboard */,
				40B216EB1A136E6B00C27CDA /* Images.xcassets */,
				40B216ED1A136E6B00C27CDA /* LaunchScreen.xib */,
				40B216E31A136E6B00C27CDA /* Sunshine.xcdatamodeld */,
				40B216DF1A136E6B00C27CDA /* Supporting Files */,
			);
			path = Sunshine;
			sourceTree = "<group>";
		};
		40B216DF1A136E6B00C27CDA /* Supporting Files */ = {
			isa = PBXGroup;
			children = (
				40B216E01A136E6B00C27CDA /* Info.plist */,
			);
			name = "Supporting Files";
			sourceTree = "<group>";
		};
		40B216F71A136E6B00C27CDA /* SunshineTests */ = {
			isa = PBXGroup;
			children = (
				40B216FA1A136E6B00C27CDA /* SunshineTests.swift */,
				40B216F81A136E6B00C27CDA /* Supporting Files */,
			);
			path = SunshineTests;
			sourceTree = "<group>";
		};
		40B216F81A136E6B00C27CDA /* Supporting Files */ = {
			isa = PBXGroup;
			children = (
				40B216F91A136E6B00C27CDA /* Info.plist */,
			);
			name = "Supporting Files";
			sourceTree = "<group>";
		};
/* End PBXGroup section */

/* Begin PBXNativeTarget section */
		40B216DB1A136E6B00C27CDA /* Sunshine */ = {
			isa = PBXNativeTarget;
			buildConfigurationList = 40B216FE1A136E6B00C27CDA /* Build configuration list for PBXNativeTarget "Sunshine" */;
			buildPhases = (
				40B216D81A136E6B00C27CDA /* Sources */,
				40B216D91A136E6B00C27CDA /* Frameworks */,
				40B216DA1A136E6B00C27CDA /* Resources */,
			);
			buildRules = (
			);
			dependencies = (
			);
			name = Sunshine;
			productName = Sunshine;
			productReference = 40B216DC1A136E6B00C27CDA /* Sunshine.app */;
			productType = "com.apple.product-type.application";
		};
		40B216F31A136E6B00C27CDA /* SunshineTests */ = {
			isa = PBXNativeTarget;
			buildConfigurationList = 40B217011A136E6B00C27CDA /* Build configuration list for PBXNativeTarget "SunshineTests" */;
			buildPhases = (
				40B216F01A136E6B00C27CDA /* Sources */,
				40B216F11A136E6B00C27CDA /* Frameworks */,
				40B216F21A136E6B00C27CDA /* Resources */,
			);
			buildRules = (
			);
			dependencies = (
				40B216F61A136E6B00C27CDA /* PBXTargetDependency */,
			);
			name = SunshineTests;
			productName = SunshineTests;
			productReference = 40B216F41A136E6B00C27CDA /* SunshineTests.xctest */;
			productType = "com.apple.product-type.bundle.unit-test";
		};
/* End PBXNativeTarget section */

/* Begin PBXProject section */
		40B216D41A136E6B00C27CDA /* Project object */ = {
			isa = PBXProject;
			attributes = {
				LastUpgradeCheck = 0610;
				ORGANIZATIONNAME = itsdamslife;
				TargetAttributes = {
					40B216DB1A136E6B00C27CDA = {
						CreatedOnToolsVersion = 6.1;
					};
					40B216F31A136E6B00C27CDA = {
						CreatedOnToolsVersion = 6.1;
						TestTargetID = 40B216DB1A136E6B00C27CDA;
					};
				};
			};
			buildConfigurationList = 40B216D71A136E6B00C27CDA /* Build configuration list for PBXProject "Sunshine" */;
			compatibilityVersion = "Xcode 3.2";
			developmentRegion = English;
			hasScannedForEncodings = 0;
			knownRegions = (
				en,
				Base,
			);
			mainGroup = 40B216D31A136E6B00C27CDA;
			productRefGroup = 40B216DD1A136E6B00C27CDA /* Products */;
			projectDirPath = "";
			projectRoot = "";
			targets = (
				40B216DB1A136E6B00C27CDA /* Sunshine */,
				40B216F31A136E6B00C27CDA /* SunshineTests */,
			);
		};
/* End PBXProject section */

/* Begin PBXResourcesBuildPhase section */
		40B216DA1A136E6B00C27CDA /* Resources */ = {
			isa = PBXResourcesBuildPhase;
			buildActionMask = 2147483647;
			files = (
				40B216EA1A136E6B00C27CDA /* Main.storyboard in Resources */,
				40B216EF1A136E6B00C27CDA /* LaunchScreen.xib in Resources */,
				40B216EC1A136E6B00C27CDA /* Images.xcassets in Resources */,
			);
			runOnlyForDeploymentPostprocessing = 0;
		};
		40B216F21A136E6B00C27CDA /* Resources */ = {
			isa = PBXResourcesBuildPhase;
			buildActionMask = 2147483647;
			files = (
			);
			runOnlyForDeploymentPostprocessing = 0;
		};
/* End PBXResourcesBuildPhase section */

/* Begin PBXSourcesBuildPhase section */
		40B216D81A136E6B00C27CDA /* Sources */ = {
			isa = PBXSourcesBuildPhase;
			buildActionMask = 2147483647;
			files = (
				40B216E71A136E6B00C27CDA /* ViewController.swift in Sources */,
				40B216E51A136E6B00C27CDA /* Sunshine.xcdatamodeld in Sources */,
				40B216E21A136E6B00C27CDA /* AppDelegate.swift in Sources */,
			);
			runOnlyForDeploymentPostprocessing = 0;
		};
		40B216F01A136E6B00C27CDA /* Sources */ = {
			isa = PBXSourcesBuildPhase;
			buildActionMask = 2147483647;
			files = (
				40B216FB1A136E6B00C27CDA /* SunshineTests.swift in Sources */,
			);
			runOnlyForDeploymentPostprocessing = 0;
		};
/* End PBXSourcesBuildPhase section */

/* Begin PBXTargetDependency section */
		40B216F61A136E6B00C27CDA /* PBXTargetDependency */ = {
			isa = PBXTargetDependency;
			target = 40B216DB1A136E6B00C27CDA /* Sunshine */;
			targetProxy = 40B216F51A136E6B00C27CDA /* PBXContainerItemProxy */;
		};
/* End PBXTargetDependency section */

/* Begin PBXVariantGroup section */
		40B216E81A136E6B00C27CDA /* Main.storyboard */ = {
			isa = PBXVariantGroup;
			children = (
				40B216E91A136E6B00C27CDA /* Base */,
			);
			name = Main.storyboard;
			sourceTree = "<group>";
		};
		40B216ED1A136E6B00C27CDA /* LaunchScreen.xib */ = {
			isa = PBXVariantGroup;
			children = (
				40B216EE1A136E6B00C27CDA /* Base */,
			);
			name = LaunchScreen.xib;
			sourceTree = "<group>";
		};
/* End PBXVariantGroup section */

/* Begin XCBuildConfiguration section */
		40B216FC1A136E6B00C27CDA /* Debug */ = {
			isa = XCBuildConfiguration;
			buildSettings = {
				ALWAYS_SEARCH_USER_PATHS = NO;
				CLANG_CXX_LANGUAGE_STANDARD = "gnu++0x";
				CLANG_CXX_LIBRARY = "libc++";
				CLANG_ENABLE_MODULES = YES;
				CLANG_ENABLE_OBJC_ARC = YES;
				CLANG_WARN_BOOL_CONVERSION = YES;
				CLANG_WARN_CONSTANT_CONVERSION = YES;
				CLANG_WARN_DIRECT_OBJC_ISA_USAGE = YES_ERROR;
				CLANG_WARN_EMPTY_BODY = YES;
				CLANG_WARN_ENUM_CONVERSION = YES;
				CLANG_WARN_INT_CONVERSION = YES;
				CLANG_WARN_OBJC_ROOT_CLASS = YES_ERROR;
				CLANG_WARN_UNREACHABLE_CODE = YES;
				CLANG_WARN__DUPLICATE_METHOD_MATCH = YES;
				"CODE_SIGN_IDENTITY[sdk=iphoneos*]" = "iPhone Developer";
				COPY_PHASE_STRIP = NO;
				ENABLE_STRICT_OBJC_MSGSEND = YES;
				GCC_C_LANGUAGE_STANDARD = gnu99;
				GCC_DYNAMIC_NO_PIC = NO;
				GCC_OPTIMIZATION_LEVEL = 0;
				GCC_PREPROCESSOR_DEFINITIONS = (
					"DEBUG=1",
					"$(inherited)",
				);
				GCC_SYMBOLS_PRIVATE_EXTERN = NO;
				GCC_WARN_64_TO_32_BIT_CONVERSION = YES;
				GCC_WARN_ABOUT_RETURN_TYPE = YES_ERROR;
				GCC_WARN_UNDECLARED_SELECTOR = YES;
				GCC_WARN_UNINITIALIZED_AUTOS = YES_AGGRESSIVE;
				GCC_WARN_UNUSED_FUNCTION = YES;
				GCC_WARN_UNUSED_VARIABLE = YES;
				IPHONEOS_DEPLOYMENT_TARGET = 8.1;
				MTL_ENABLE_DEBUG_INFO = YES;
				ONLY_ACTIVE_ARCH = YES;
				SDKROOT = iphoneos;
				SWIFT_OPTIMIZATION_LEVEL = "-Onone";
				TARGETED_DEVICE_FAMILY = "1,2";
			};
			name = Debug;
		};
		40B216FD1A136E6B00C27CDA /* Release */ = {
			isa = XCBuildConfiguration;
			buildSettings = {
				ALWAYS_SEARCH_USER_PATHS = NO;
				CLANG_CXX_LANGUAGE_STANDARD = "gnu++0x";
				CLANG_CXX_LIBRARY = "libc++";
				CLANG_ENABLE_MODULES = YES;
				CLANG_ENABLE_OBJC_ARC = YES;
				CLANG_WARN_BOOL_CONVERSION = YES;
				CLANG_WARN_CONSTANT_CONVERSION = YES;
				CLANG_WARN_DIRECT_OBJC_ISA_USAGE = YES_ERROR;
				CLANG_WARN_EMPTY_BODY = YES;
				CLANG_WARN_ENUM_CONVERSION = YES;
				CLANG_WARN_INT_CONVERSION = YES;
				CLANG_WARN_OBJC_ROOT_CLASS = YES_ERROR;
				CLANG_WARN_UNREACHABLE_CODE = YES;
				CLANG_WARN__DUPLICATE_METHOD_MATCH = YES;
				"CODE_SIGN_IDENTITY[sdk=iphoneos*]" = "iPhone Developer";
				COPY_PHASE_STRIP = YES;
				ENABLE_NS_ASSERTIONS = NO;
				ENABLE_STRICT_OBJC_MSGSEND = YES;
				GCC_C_LANGUAGE_STANDARD = gnu99;
				GCC_WARN_64_TO_32_BIT_CONVERSION = YES;
				GCC_WARN_ABOUT_RETURN_TYPE = YES_ERROR;
				GCC_WARN_UNDECLARED_SELECTOR = YES;
				GCC_WARN_UNINITIALIZED_AUTOS = YES_AGGRESSIVE;
				GCC_WARN_UNUSED_FUNCTION = YES;
				GCC_WARN_UNUSED_VARIABLE = YES;
				IPHONEOS_DEPLOYMENT_TARGET = 8.1;
				MTL_ENABLE_DEBUG_INFO = NO;
				SDKROOT = iphoneos;
				TARGETED_DEVICE_FAMILY = "1,2";
				VALIDATE_PRODUCT = YES;
			};
			name = Release;
		};
		40B216FF1A136E6B00C27CDA /* Debug */ = {
			isa = XCBuildConfiguration;
			buildSettings = {
				ASSETCATALOG_COMPILER_APPICON_NAME = AppIcon;
				INFOPLIST_FILE = Sunshine/Info.plist;
				LD_RUNPATH_SEARCH_PATHS = "$(inherited) @executable_path/Frameworks";
				PRODUCT_NAME = "$(TARGET_NAME)";
			};
			name = Debug;
		};
		40B217001A136E6B00C27CDA /* Release */ = {
			isa = XCBuildConfiguration;
			buildSettings = {
				ASSETCATALOG_COMPILER_APPICON_NAME = AppIcon;
				INFOPLIST_FILE = Sunshine/Info.plist;
				LD_RUNPATH_SEARCH_PATHS = "$(inherited) @executable_path/Frameworks";
				PRODUCT_NAME = "$(TARGET_NAME)";
			};
			name = Release;
		};
		40B217021A136E6B00C27CDA /* Debug */ = {
			isa = XCBuildConfiguration;
			buildSettings = {
				BUNDLE_LOADER = "$(TEST_HOST)";
				FRAMEWORK_SEARCH_PATHS = (
					"$(SDKROOT)/Developer/Library/Frameworks",
					"$(inherited)",
				);
				GCC_PREPROCESSOR_DEFINITIONS = (
					"DEBUG=1",
					"$(inherited)",
				);
				INFOPLIST_FILE = SunshineTests/Info.plist;
				LD_RUNPATH_SEARCH_PATHS = "$(inherited) @executable_path/Frameworks @loader_path/Frameworks";
				PRODUCT_NAME = "$(TARGET_NAME)";
				TEST_HOST = "$(BUILT_PRODUCTS_DIR)/Sunshine.app/Sunshine";
			};
			name = Debug;
		};
		40B217031A136E6B00C27CDA /* Release */ = {
			isa = XCBuildConfiguration;
			buildSettings = {
				BUNDLE_LOADER = "$(TEST_HOST)";
				FRAMEWORK_SEARCH_PATHS = (
					"$(SDKROOT)/Developer/Library/Frameworks",
					"$(inherited)",
				);
				INFOPLIST_FILE = SunshineTests/Info.plist;
				LD_RUNPATH_SEARCH_PATHS = "$(inherited) @executable_path/Frameworks @loader_path/Frameworks";
				PRODUCT_NAME = "$(TARGET_NAME)";
				TEST_HOST = "$(BUILT_PRODUCTS_DIR)/Sunshine.app/Sunshine";
			};
			name = Release;
		};
/* End XCBuildConfiguration section */

/* Begin XCConfigurationList section */
		40B216D71A136E6B00C27CDA /* Build configuration list for PBXProject "Sunshine" */ = {
			isa = XCConfigurationList;
			buildConfigurations = (
				40B216FC1A136E6B00C27CDA /* Debug */,
				40B216FD1A136E6B00C27CDA /* Release */,
			);
			defaultConfigurationIsVisible = 0;
			defaultConfigurationName = Release;
		};
		40B216FE1A136E6B00C27CDA /* Build configuration list for PBXNativeTarget "Sunshine" */ = {
			isa = XCConfigurationList;
			buildConfigurations = (
				40B216FF1A136E6B00C27CDA /* Debug */,
				40B217001A136E6B00C27CDA /* Release */,
			);
			defaultConfigurationIsVisible = 0;
		};
		40B217011A136E6B00C27CDA /* Build configuration list for PBXNativeTarget "SunshineTests" */ = {
			isa = XCConfigurationList;
			buildConfigurations = (
				40B217021A136E6B00C27CDA /* Debug */,
				40B217031A136E6B00C27CDA /* Release */,
			);
			defaultConfigurationIsVisible = 0;
		};
/* End XCConfigurationList section */

/* Begin XCVersionGroup section */
		40B216E31A136E6B00C27CDA /* Sunshine.xcdatamodeld */ = {
			isa = XCVersionGroup;
			children = (
				40B216E41A136E6B00C27CDA /* Sunshine.xcdatamodel */,
			);
			currentVersion = 40B216E41A136E6B00C27CDA /* Sunshine.xcdatamodel */;
			path = Sunshine.xcdatamodeld;
			sourceTree = "<group>";
			versionGroupType = wrapper.xcdatamodel;
		};
/* End XCVersionGroup section */
	};
	rootObject = 40B216D41A136E6B00C27CDA /* Project object */;
}
